// !$*UTF8*$!
{
	archiveVersion = 1;
	classes = {
	};
	objectVersion = 52;
	objects = {

/* Begin PBXBuildFile section */
		FC592E30269D897C00233EFB /* AppDelegate.swift in Sources */ = {isa = PBXBuildFile; fileRef = FC592E2F269D897C00233EFB /* AppDelegate.swift */; };
		FC592E32269D897C00233EFB /* SceneDelegate.swift in Sources */ = {isa = PBXBuildFile; fileRef = FC592E31269D897C00233EFB /* SceneDelegate.swift */; };
		FC592E39269D897E00233EFB /* Assets.xcassets in Resources */ = {isa = PBXBuildFile; fileRef = FC592E38269D897E00233EFB /* Assets.xcassets */; };
		FC592E3C269D897E00233EFB /* LaunchScreen.storyboard in Resources */ = {isa = PBXBuildFile; fileRef = FC592E3A269D897E00233EFB /* LaunchScreen.storyboard */; };
		FC592E45269DAA4300233EFB /* SnapKit in Frameworks */ = {isa = PBXBuildFile; productRef = FC592E44269DAA4300233EFB /* SnapKit */; };
		FC592E48269DAAA800233EFB /* Kingfisher in Frameworks */ = {isa = PBXBuildFile; productRef = FC592E47269DAAA800233EFB /* Kingfisher */; };
		FC592E4F269DAC5700233EFB /* HomeScreenViewController.swift in Sources */ = {isa = PBXBuildFile; fileRef = FC592E4E269DAC5700233EFB /* HomeScreenViewController.swift */; };
		FC592E54269DAFFD00233EFB /* ConstructViewsProtocol.swift in Sources */ = {isa = PBXBuildFile; fileRef = FC592E53269DAFFD00233EFB /* ConstructViewsProtocol.swift */; };
		FC592E56269DB23F00233EFB /* HomeScreenViewController+Design.swift in Sources */ = {isa = PBXBuildFile; fileRef = FC592E55269DB23F00233EFB /* HomeScreenViewController+Design.swift */; };
		FC592E58269DBB5B00233EFB /* NavBarView.swift in Sources */ = {isa = PBXBuildFile; fileRef = FC592E57269DBB5B00233EFB /* NavBarView.swift */; };
		FC592E5C269DD5A100233EFB /* HomeScreenPresenter.swift in Sources */ = {isa = PBXBuildFile; fileRef = FC592E5B269DD5A100233EFB /* HomeScreenPresenter.swift */; };
		FC592E5E269DE0E100233EFB /* NavBarView+Design.swift in Sources */ = {isa = PBXBuildFile; fileRef = FC592E5D269DE0E100233EFB /* NavBarView+Design.swift */; };
		FCB63A37269F0C0500E049A2 /* MovieInfoCell.swift in Sources */ = {isa = PBXBuildFile; fileRef = FCB63A36269F0C0500E049A2 /* MovieInfoCell.swift */; };
		FCB63A39269F0DB300E049A2 /* MovieInfoCell+Design.swift in Sources */ = {isa = PBXBuildFile; fileRef = FCB63A38269F0DB300E049A2 /* MovieInfoCell+Design.swift */; };
		FCB63A3B269F372B00E049A2 /* MockData.swift in Sources */ = {isa = PBXBuildFile; fileRef = FCB63A3A269F372B00E049A2 /* MockData.swift */; };
		FCB63A3E269F375A00E049A2 /* Movie.swift in Sources */ = {isa = PBXBuildFile; fileRef = FCB63A3D269F375A00E049A2 /* Movie.swift */; };
		FCB63A40269F37AA00E049A2 /* MockDataService.swift in Sources */ = {isa = PBXBuildFile; fileRef = FCB63A3F269F37AA00E049A2 /* MockDataService.swift */; };
/* End PBXBuildFile section */

/* Begin PBXFileReference section */
		FC592E2C269D897C00233EFB /* MovieApp.app */ = {isa = PBXFileReference; explicitFileType = wrapper.application; includeInIndex = 0; path = MovieApp.app; sourceTree = BUILT_PRODUCTS_DIR; };
		FC592E2F269D897C00233EFB /* AppDelegate.swift */ = {isa = PBXFileReference; lastKnownFileType = sourcecode.swift; path = AppDelegate.swift; sourceTree = "<group>"; };
		FC592E31269D897C00233EFB /* SceneDelegate.swift */ = {isa = PBXFileReference; lastKnownFileType = sourcecode.swift; path = SceneDelegate.swift; sourceTree = "<group>"; };
		FC592E38269D897E00233EFB /* Assets.xcassets */ = {isa = PBXFileReference; lastKnownFileType = folder.assetcatalog; path = Assets.xcassets; sourceTree = "<group>"; };
		FC592E3B269D897E00233EFB /* Base */ = {isa = PBXFileReference; lastKnownFileType = file.storyboard; name = Base; path = Base.lproj/LaunchScreen.storyboard; sourceTree = "<group>"; };
		FC592E3D269D897E00233EFB /* Info.plist */ = {isa = PBXFileReference; lastKnownFileType = text.plist.xml; path = Info.plist; sourceTree = "<group>"; };
		FC592E4E269DAC5700233EFB /* HomeScreenViewController.swift */ = {isa = PBXFileReference; lastKnownFileType = sourcecode.swift; path = HomeScreenViewController.swift; sourceTree = "<group>"; };
		FC592E53269DAFFD00233EFB /* ConstructViewsProtocol.swift */ = {isa = PBXFileReference; lastKnownFileType = sourcecode.swift; path = ConstructViewsProtocol.swift; sourceTree = "<group>"; };
		FC592E55269DB23F00233EFB /* HomeScreenViewController+Design.swift */ = {isa = PBXFileReference; lastKnownFileType = sourcecode.swift; path = "HomeScreenViewController+Design.swift"; sourceTree = "<group>"; };
		FC592E57269DBB5B00233EFB /* NavBarView.swift */ = {isa = PBXFileReference; lastKnownFileType = sourcecode.swift; path = NavBarView.swift; sourceTree = "<group>"; };
		FC592E5B269DD5A100233EFB /* HomeScreenPresenter.swift */ = {isa = PBXFileReference; lastKnownFileType = sourcecode.swift; path = HomeScreenPresenter.swift; sourceTree = "<group>"; };
		FC592E5D269DE0E100233EFB /* NavBarView+Design.swift */ = {isa = PBXFileReference; lastKnownFileType = sourcecode.swift; path = "NavBarView+Design.swift"; sourceTree = "<group>"; };
		FCB63A36269F0C0500E049A2 /* MovieInfoCell.swift */ = {isa = PBXFileReference; lastKnownFileType = sourcecode.swift; path = MovieInfoCell.swift; sourceTree = "<group>"; };
		FCB63A38269F0DB300E049A2 /* MovieInfoCell+Design.swift */ = {isa = PBXFileReference; lastKnownFileType = sourcecode.swift; path = "MovieInfoCell+Design.swift"; sourceTree = "<group>"; };
		FCB63A3A269F372B00E049A2 /* MockData.swift */ = {isa = PBXFileReference; lastKnownFileType = sourcecode.swift; path = MockData.swift; sourceTree = "<group>"; };
		FCB63A3D269F375A00E049A2 /* Movie.swift */ = {isa = PBXFileReference; lastKnownFileType = sourcecode.swift; path = Movie.swift; sourceTree = "<group>"; };
		FCB63A3F269F37AA00E049A2 /* MockDataService.swift */ = {isa = PBXFileReference; lastKnownFileType = sourcecode.swift; path = MockDataService.swift; sourceTree = "<group>"; };
/* End PBXFileReference section */

/* Begin PBXFrameworksBuildPhase section */
		FC592E29269D897C00233EFB /* Frameworks */ = {
			isa = PBXFrameworksBuildPhase;
			buildActionMask = 2147483647;
			files = (
				FC592E48269DAAA800233EFB /* Kingfisher in Frameworks */,
				FC592E45269DAA4300233EFB /* SnapKit in Frameworks */,
			);
			runOnlyForDeploymentPostprocessing = 0;
		};
/* End PBXFrameworksBuildPhase section */

/* Begin PBXGroup section */
		FC592E23269D897C00233EFB = {
			isa = PBXGroup;
			children = (
				FC592E2E269D897C00233EFB /* MovieApp */,
				FC592E2D269D897C00233EFB /* Products */,
			);
			sourceTree = "<group>";
		};
		FC592E2D269D897C00233EFB /* Products */ = {
			isa = PBXGroup;
			children = (
				FC592E2C269D897C00233EFB /* MovieApp.app */,
			);
			name = Products;
			sourceTree = "<group>";
		};
		FC592E2E269D897C00233EFB /* MovieApp */ = {
			isa = PBXGroup;
			children = (
				FC592E4A269DAB8800233EFB /* SupportingFiles */,
				FC592E49269DAB7A00233EFB /* PresentationLayer */,
				FC592E3D269D897E00233EFB /* Info.plist */,
				FCB63A3A269F372B00E049A2 /* MockData.swift */,
			);
			path = MovieApp;
			sourceTree = "<group>";
		};
		FC592E49269DAB7A00233EFB /* PresentationLayer */ = {
			isa = PBXGroup;
			children = (
				FCB63A3C269F374800E049A2 /* ViewModels */,
				FC592E4C269DABD800233EFB /* Views */,
				FC592E4B269DABD100233EFB /* Presenters */,
			);
			path = PresentationLayer;
			sourceTree = "<group>";
		};
		FC592E4A269DAB8800233EFB /* SupportingFiles */ = {
			isa = PBXGroup;
			children = (
				FC592E2F269D897C00233EFB /* AppDelegate.swift */,
				FC592E31269D897C00233EFB /* SceneDelegate.swift */,
				FC592E38269D897E00233EFB /* Assets.xcassets */,
			);
			path = SupportingFiles;
			sourceTree = "<group>";
		};
		FC592E4B269DABD100233EFB /* Presenters */ = {
			isa = PBXGroup;
			children = (
				FC592E5B269DD5A100233EFB /* HomeScreenPresenter.swift */,
				FCB63A3F269F37AA00E049A2 /* MockDataService.swift */,
			);
			path = Presenters;
			sourceTree = "<group>";
		};
		FC592E4C269DABD800233EFB /* Views */ = {
			isa = PBXGroup;
			children = (
				FC592E53269DAFFD00233EFB /* ConstructViewsProtocol.swift */,
				FC592E50269DAC8300233EFB /* HomeScreen */,
				FC592E4D269DAC1800233EFB /* Components */,
				FC592E3A269D897E00233EFB /* LaunchScreen.storyboard */,
			);
			path = Views;
			sourceTree = "<group>";
		};
		FC592E4D269DAC1800233EFB /* Components */ = {
			isa = PBXGroup;
			children = (
				FCB63A35269F0B3D00E049A2 /* MovieInfoCell */,
				FCB63A34269F0B3400E049A2 /* NavBar */,
			);
			path = Components;
			sourceTree = "<group>";
		};
		FC592E50269DAC8300233EFB /* HomeScreen */ = {
			isa = PBXGroup;
			children = (
				FC592E4E269DAC5700233EFB /* HomeScreenViewController.swift */,
				FC592E55269DB23F00233EFB /* HomeScreenViewController+Design.swift */,
			);
			path = HomeScreen;
			sourceTree = "<group>";
		};
		FCB63A34269F0B3400E049A2 /* NavBar */ = {
			isa = PBXGroup;
			children = (
				FC592E57269DBB5B00233EFB /* NavBarView.swift */,
				FC592E5D269DE0E100233EFB /* NavBarView+Design.swift */,
			);
			path = NavBar;
			sourceTree = "<group>";
		};
		FCB63A35269F0B3D00E049A2 /* MovieInfoCell */ = {
			isa = PBXGroup;
			children = (
				FCB63A36269F0C0500E049A2 /* MovieInfoCell.swift */,
				FCB63A38269F0DB300E049A2 /* MovieInfoCell+Design.swift */,
			);
			path = MovieInfoCell;
			sourceTree = "<group>";
		};
		FCB63A3C269F374800E049A2 /* ViewModels */ = {
			isa = PBXGroup;
			children = (
				FCB63A3D269F375A00E049A2 /* Movie.swift */,
			);
			path = ViewModels;
			sourceTree = "<group>";
		};
/* End PBXGroup section */

/* Begin PBXNativeTarget section */
		FC592E2B269D897C00233EFB /* MovieApp */ = {
			isa = PBXNativeTarget;
			buildConfigurationList = FC592E40269D897E00233EFB /* Build configuration list for PBXNativeTarget "MovieApp" */;
			buildPhases = (
				FC592E28269D897C00233EFB /* Sources */,
				FC592E29269D897C00233EFB /* Frameworks */,
				FC592E2A269D897C00233EFB /* Resources */,
			);
			buildRules = (
			);
			dependencies = (
			);
			name = MovieApp;
			packageProductDependencies = (
				FC592E44269DAA4300233EFB /* SnapKit */,
				FC592E47269DAAA800233EFB /* Kingfisher */,
			);
			productName = MovieApp;
			productReference = FC592E2C269D897C00233EFB /* MovieApp.app */;
			productType = "com.apple.product-type.application";
		};
/* End PBXNativeTarget section */

/* Begin PBXProject section */
		FC592E24269D897C00233EFB /* Project object */ = {
			isa = PBXProject;
			attributes = {
				LastSwiftUpdateCheck = 1250;
				LastUpgradeCheck = 1250;
				TargetAttributes = {
					FC592E2B269D897C00233EFB = {
						CreatedOnToolsVersion = 12.5.1;
					};
				};
			};
			buildConfigurationList = FC592E27269D897C00233EFB /* Build configuration list for PBXProject "MovieApp" */;
			compatibilityVersion = "Xcode 9.3";
			developmentRegion = en;
			hasScannedForEncodings = 0;
			knownRegions = (
				en,
				Base,
			);
			mainGroup = FC592E23269D897C00233EFB;
			packageReferences = (
				FC592E43269DAA4300233EFB /* XCRemoteSwiftPackageReference "SnapKit" */,
				FC592E46269DAAA800233EFB /* XCRemoteSwiftPackageReference "Kingfisher" */,
			);
			productRefGroup = FC592E2D269D897C00233EFB /* Products */;
			projectDirPath = "";
			projectRoot = "";
			targets = (
				FC592E2B269D897C00233EFB /* MovieApp */,
			);
		};
/* End PBXProject section */

/* Begin PBXResourcesBuildPhase section */
		FC592E2A269D897C00233EFB /* Resources */ = {
			isa = PBXResourcesBuildPhase;
			buildActionMask = 2147483647;
			files = (
				FC592E3C269D897E00233EFB /* LaunchScreen.storyboard in Resources */,
				FC592E39269D897E00233EFB /* Assets.xcassets in Resources */,
			);
			runOnlyForDeploymentPostprocessing = 0;
		};
/* End PBXResourcesBuildPhase section */

/* Begin PBXSourcesBuildPhase section */
		FC592E28269D897C00233EFB /* Sources */ = {
			isa = PBXSourcesBuildPhase;
			buildActionMask = 2147483647;
			files = (
				FC592E54269DAFFD00233EFB /* ConstructViewsProtocol.swift in Sources */,
				FC592E30269D897C00233EFB /* AppDelegate.swift in Sources */,
				FCB63A3E269F375A00E049A2 /* Movie.swift in Sources */,
				FCB63A40269F37AA00E049A2 /* MockDataService.swift in Sources */,
				FCB63A39269F0DB300E049A2 /* MovieInfoCell+Design.swift in Sources */,
				FC592E32269D897C00233EFB /* SceneDelegate.swift in Sources */,
				FCB63A37269F0C0500E049A2 /* MovieInfoCell.swift in Sources */,
				FC592E4F269DAC5700233EFB /* HomeScreenViewController.swift in Sources */,
				FC592E58269DBB5B00233EFB /* NavBarView.swift in Sources */,
				FC592E5C269DD5A100233EFB /* HomeScreenPresenter.swift in Sources */,
				FC592E56269DB23F00233EFB /* HomeScreenViewController+Design.swift in Sources */,
				FCB63A3B269F372B00E049A2 /* MockData.swift in Sources */,
				FC592E5E269DE0E100233EFB /* NavBarView+Design.swift in Sources */,
			);
			runOnlyForDeploymentPostprocessing = 0;
		};
/* End PBXSourcesBuildPhase section */

/* Begin PBXVariantGroup section */
		FC592E3A269D897E00233EFB /* LaunchScreen.storyboard */ = {
			isa = PBXVariantGroup;
			children = (
				FC592E3B269D897E00233EFB /* Base */,
			);
			name = LaunchScreen.storyboard;
			sourceTree = "<group>";
		};
/* End PBXVariantGroup section */

/* Begin XCBuildConfiguration section */
		FC592E3E269D897E00233EFB /* Debug */ = {
			isa = XCBuildConfiguration;
			buildSettings = {
				ALWAYS_SEARCH_USER_PATHS = NO;
				CLANG_ANALYZER_NONNULL = YES;
				CLANG_ANALYZER_NUMBER_OBJECT_CONVERSION = YES_AGGRESSIVE;
				CLANG_CXX_LANGUAGE_STANDARD = "gnu++14";
				CLANG_CXX_LIBRARY = "libc++";
				CLANG_ENABLE_MODULES = YES;
				CLANG_ENABLE_OBJC_ARC = YES;
				CLANG_ENABLE_OBJC_WEAK = YES;
				CLANG_WARN_BLOCK_CAPTURE_AUTORELEASING = YES;
				CLANG_WARN_BOOL_CONVERSION = YES;
				CLANG_WARN_COMMA = YES;
				CLANG_WARN_CONSTANT_CONVERSION = YES;
				CLANG_WARN_DEPRECATED_OBJC_IMPLEMENTATIONS = YES;
				CLANG_WARN_DIRECT_OBJC_ISA_USAGE = YES_ERROR;
				CLANG_WARN_DOCUMENTATION_COMMENTS = YES;
				CLANG_WARN_EMPTY_BODY = YES;
				CLANG_WARN_ENUM_CONVERSION = YES;
				CLANG_WARN_INFINITE_RECURSION = YES;
				CLANG_WARN_INT_CONVERSION = YES;
				CLANG_WARN_NON_LITERAL_NULL_CONVERSION = YES;
				CLANG_WARN_OBJC_IMPLICIT_RETAIN_SELF = YES;
				CLANG_WARN_OBJC_LITERAL_CONVERSION = YES;
				CLANG_WARN_OBJC_ROOT_CLASS = YES_ERROR;
				CLANG_WARN_QUOTED_INCLUDE_IN_FRAMEWORK_HEADER = YES;
				CLANG_WARN_RANGE_LOOP_ANALYSIS = YES;
				CLANG_WARN_STRICT_PROTOTYPES = YES;
				CLANG_WARN_SUSPICIOUS_MOVE = YES;
				CLANG_WARN_UNGUARDED_AVAILABILITY = YES_AGGRESSIVE;
				CLANG_WARN_UNREACHABLE_CODE = YES;
				CLANG_WARN__DUPLICATE_METHOD_MATCH = YES;
				COPY_PHASE_STRIP = NO;
				DEBUG_INFORMATION_FORMAT = dwarf;
				ENABLE_STRICT_OBJC_MSGSEND = YES;
				ENABLE_TESTABILITY = YES;
				GCC_C_LANGUAGE_STANDARD = gnu11;
				GCC_DYNAMIC_NO_PIC = NO;
				GCC_NO_COMMON_BLOCKS = YES;
				GCC_OPTIMIZATION_LEVEL = 0;
				GCC_PREPROCESSOR_DEFINITIONS = (
					"DEBUG=1",
					"$(inherited)",
				);
				GCC_WARN_64_TO_32_BIT_CONVERSION = YES;
				GCC_WARN_ABOUT_RETURN_TYPE = YES_ERROR;
				GCC_WARN_UNDECLARED_SELECTOR = YES;
				GCC_WARN_UNINITIALIZED_AUTOS = YES_AGGRESSIVE;
				GCC_WARN_UNUSED_FUNCTION = YES;
				GCC_WARN_UNUSED_VARIABLE = YES;
				IPHONEOS_DEPLOYMENT_TARGET = 14.5;
				MTL_ENABLE_DEBUG_INFO = INCLUDE_SOURCE;
				MTL_FAST_MATH = YES;
				ONLY_ACTIVE_ARCH = YES;
				SDKROOT = iphoneos;
				SWIFT_ACTIVE_COMPILATION_CONDITIONS = DEBUG;
				SWIFT_OPTIMIZATION_LEVEL = "-Onone";
			};
			name = Debug;
		};
		FC592E3F269D897E00233EFB /* Release */ = {
			isa = XCBuildConfiguration;
			buildSettings = {
				ALWAYS_SEARCH_USER_PATHS = NO;
				CLANG_ANALYZER_NONNULL = YES;
				CLANG_ANALYZER_NUMBER_OBJECT_CONVERSION = YES_AGGRESSIVE;
				CLANG_CXX_LANGUAGE_STANDARD = "gnu++14";
				CLANG_CXX_LIBRARY = "libc++";
				CLANG_ENABLE_MODULES = YES;
				CLANG_ENABLE_OBJC_ARC = YES;
				CLANG_ENABLE_OBJC_WEAK = YES;
				CLANG_WARN_BLOCK_CAPTURE_AUTORELEASING = YES;
				CLANG_WARN_BOOL_CONVERSION = YES;
				CLANG_WARN_COMMA = YES;
				CLANG_WARN_CONSTANT_CONVERSION = YES;
				CLANG_WARN_DEPRECATED_OBJC_IMPLEMENTATIONS = YES;
				CLANG_WARN_DIRECT_OBJC_ISA_USAGE = YES_ERROR;
				CLANG_WARN_DOCUMENTATION_COMMENTS = YES;
				CLANG_WARN_EMPTY_BODY = YES;
				CLANG_WARN_ENUM_CONVERSION = YES;
				CLANG_WARN_INFINITE_RECURSION = YES;
				CLANG_WARN_INT_CONVERSION = YES;
				CLANG_WARN_NON_LITERAL_NULL_CONVERSION = YES;
				CLANG_WARN_OBJC_IMPLICIT_RETAIN_SELF = YES;
				CLANG_WARN_OBJC_LITERAL_CONVERSION = YES;
				CLANG_WARN_OBJC_ROOT_CLASS = YES_ERROR;
				CLANG_WARN_QUOTED_INCLUDE_IN_FRAMEWORK_HEADER = YES;
				CLANG_WARN_RANGE_LOOP_ANALYSIS = YES;
				CLANG_WARN_STRICT_PROTOTYPES = YES;
				CLANG_WARN_SUSPICIOUS_MOVE = YES;
				CLANG_WARN_UNGUARDED_AVAILABILITY = YES_AGGRESSIVE;
				CLANG_WARN_UNREACHABLE_CODE = YES;
				CLANG_WARN__DUPLICATE_METHOD_MATCH = YES;
				COPY_PHASE_STRIP = NO;
				DEBUG_INFORMATION_FORMAT = "dwarf-with-dsym";
				ENABLE_NS_ASSERTIONS = NO;
				ENABLE_STRICT_OBJC_MSGSEND = YES;
				GCC_C_LANGUAGE_STANDARD = gnu11;
				GCC_NO_COMMON_BLOCKS = YES;
				GCC_WARN_64_TO_32_BIT_CONVERSION = YES;
				GCC_WARN_ABOUT_RETURN_TYPE = YES_ERROR;
				GCC_WARN_UNDECLARED_SELECTOR = YES;
				GCC_WARN_UNINITIALIZED_AUTOS = YES_AGGRESSIVE;
				GCC_WARN_UNUSED_FUNCTION = YES;
				GCC_WARN_UNUSED_VARIABLE = YES;
				IPHONEOS_DEPLOYMENT_TARGET = 14.5;
				MTL_ENABLE_DEBUG_INFO = NO;
				MTL_FAST_MATH = YES;
				SDKROOT = iphoneos;
				SWIFT_COMPILATION_MODE = wholemodule;
				SWIFT_OPTIMIZATION_LEVEL = "-O";
				VALIDATE_PRODUCT = YES;
			};
			name = Release;
		};
		FC592E41269D897E00233EFB /* Debug */ = {
			isa = XCBuildConfiguration;
			buildSettings = {
				ASSETCATALOG_COMPILER_APPICON_NAME = AppIcon;
				ASSETCATALOG_COMPILER_GLOBAL_ACCENT_COLOR_NAME = AccentColor;
				CODE_SIGN_STYLE = Automatic;
				DEVELOPMENT_TEAM = 5N2NJVMT4G;
				INFOPLIST_FILE = MovieApp/Info.plist;
				LD_RUNPATH_SEARCH_PATHS = (
					"$(inherited)",
					"@executable_path/Frameworks",
				);
				PRODUCT_BUNDLE_IDENTIFIER = five.namacinski.luka.MovieApp;
				PRODUCT_NAME = "$(TARGET_NAME)";
				SWIFT_VERSION = 5.0;
				TARGETED_DEVICE_FAMILY = "1,2";
			};
			name = Debug;
		};
		FC592E42269D897E00233EFB /* Release */ = {
			isa = XCBuildConfiguration;
			buildSettings = {
				ASSETCATALOG_COMPILER_APPICON_NAME = AppIcon;
				ASSETCATALOG_COMPILER_GLOBAL_ACCENT_COLOR_NAME = AccentColor;
				CODE_SIGN_STYLE = Automatic;
				DEVELOPMENT_TEAM = 5N2NJVMT4G;
				INFOPLIST_FILE = MovieApp/Info.plist;
				LD_RUNPATH_SEARCH_PATHS = (
					"$(inherited)",
					"@executable_path/Frameworks",
				);
				PRODUCT_BUNDLE_IDENTIFIER = five.namacinski.luka.MovieApp;
				PRODUCT_NAME = "$(TARGET_NAME)";
				SWIFT_VERSION = 5.0;
				TARGETED_DEVICE_FAMILY = "1,2";
			};
			name = Release;
		};
/* End XCBuildConfiguration section */

/* Begin XCConfigurationList section */
		FC592E27269D897C00233EFB /* Build configuration list for PBXProject "MovieApp" */ = {
			isa = XCConfigurationList;
			buildConfigurations = (
				FC592E3E269D897E00233EFB /* Debug */,
				FC592E3F269D897E00233EFB /* Release */,
			);
			defaultConfigurationIsVisible = 0;
			defaultConfigurationName = Release;
		};
		FC592E40269D897E00233EFB /* Build configuration list for PBXNativeTarget "MovieApp" */ = {
			isa = XCConfigurationList;
			buildConfigurations = (
				FC592E41269D897E00233EFB /* Debug */,
				FC592E42269D897E00233EFB /* Release */,
			);
			defaultConfigurationIsVisible = 0;
			defaultConfigurationName = Release;
		};
/* End XCConfigurationList section */

/* Begin XCRemoteSwiftPackageReference section */
		FC592E43269DAA4300233EFB /* XCRemoteSwiftPackageReference "SnapKit" */ = {
			isa = XCRemoteSwiftPackageReference;
			repositoryURL = "https://github.com/SnapKit/SnapKit.git";
			requirement = {
				kind = upToNextMinorVersion;
				minimumVersion = 5.0.1;
			};
		};
		FC592E46269DAAA800233EFB /* XCRemoteSwiftPackageReference "Kingfisher" */ = {
			isa = XCRemoteSwiftPackageReference;
			repositoryURL = "https://github.com/onevcat/Kingfisher.git";
			requirement = {
				kind = upToNextMinorVersion;
				minimumVersion = 6.3.0;
			};
		};
/* End XCRemoteSwiftPackageReference section */

/* Begin XCSwiftPackageProductDependency section */
		FC592E44269DAA4300233EFB /* SnapKit */ = {
			isa = XCSwiftPackageProductDependency;
			package = FC592E43269DAA4300233EFB /* XCRemoteSwiftPackageReference "SnapKit" */;
			productName = SnapKit;
		};
		FC592E47269DAAA800233EFB /* Kingfisher */ = {
			isa = XCSwiftPackageProductDependency;
			package = FC592E46269DAAA800233EFB /* XCRemoteSwiftPackageReference "Kingfisher" */;
			productName = Kingfisher;
		};
/* End XCSwiftPackageProductDependency section */
	};
	rootObject = FC592E24269D897C00233EFB /* Project object */;
}
